
Microsoft Visual Studio Solution File, Format Version 12.00
# Visual Studio Version 17
VisualStudioVersion = 17.9.34607.119
MinimumVisualStudioVersion = 10.0.40219.1
Project("{9A19103F-16F7-4668-BE54-9A1E7A4F7556}") = "Lab5", "Lab5.csproj", "{9A0369B7-D980-49D6-B6ED-95FC19D70EB5}"
EndProject
Project("{FAE04EC0-301F-11D3-BF4B-00C04F79EFBC}") = "Lab5.Data", "..\Lab5.Data\Lab5.Data.csproj", "{9C70FED6-D280-4241-A1F7-F545E5A09294}"
EndProject
Global
	GlobalSection(SolutionConfigurationPlatforms) = preSolution
		Debug|Any CPU = Debug|Any CPU
		Release|Any CPU = Release|Any CPU
	EndGlobalSection
	GlobalSection(ProjectConfigurationPlatforms) = postSolution
		{9A0369B7-D980-49D6-B6ED-95FC19D70EB5}.Debug|Any CPU.ActiveCfg = Debug|Any CPU
		{9A0369B7-D980-49D6-B6ED-95FC19D70EB5}.Debug|Any CPU.Build.0 = Debug|Any CPU
		{9A0369B7-D980-49D6-B6ED-95FC19D70EB5}.Release|Any CPU.ActiveCfg = Release|Any CPU
		{9A0369B7-D980-49D6-B6ED-95FC19D70EB5}.Release|Any CPU.Build.0 = Release|Any CPU
		{9C70FED6-D280-4241-A1F7-F545E5A09294}.Debug|Any CPU.ActiveCfg = Debug|Any CPU
		{9C70FED6-D280-4241-A1F7-F545E5A09294}.Debug|Any CPU.Build.0 = Debug|Any CPU
		{9C70FED6-D280-4241-A1F7-F545E5A09294}.Release|Any CPU.ActiveCfg = Release|Any CPU
		{9C70FED6-D280-4241-A1F7-F545E5A09294}.Release|Any CPU.Build.0 = Release|Any CPU
	EndGlobalSection
	GlobalSection(SolutionProperties) = preSolution
		HideSolutionNode = FALSE
	EndGlobalSection
	GlobalSection(ExtensibilityGlobals) = postSolution
		SolutionGuid = {ACE518FC-79AD-4068-BDCE-379616034D46}
	EndGlobalSection
EndGlobal
